
Microsoft Visual Studio Solution File, Format Version 12.00
# Visual Studio Version 16
VisualStudioVersion = 16.0.29613.14
MinimumVisualStudioVersion = 10.0.40219.1
Project("{FAE04EC0-301F-11D3-BF4B-00C04F79EFBC}") = "FightCorona.DataCollector", "FightCorona.DataCollector\FightCorona.DataCollector.csproj", "{328A71B5-623F-4976-89B2-633B381EF15E}"
EndProject
Project("{FAE04EC0-301F-11D3-BF4B-00C04F79EFBC}") = "FightCorona.DataCollector.Data", "FightCorona.DataCollector.Data\FightCorona.DataCollector.Data.csproj", "{65E1B932-782E-4084-9FAC-AE3B6E08BC0A}"
EndProject
Project("{FAE04EC0-301F-11D3-BF4B-00C04F79EFBC}") = "FightCorona.DataCollector.Business", "FightCorona.DataCollector.Business\FightCorona.DataCollector.Business.csproj", "{DC5BEB2E-4EFF-4860-AFBA-6EDA0EC7A8D6}"
EndProject
Project("{FAE04EC0-301F-11D3-BF4B-00C04F79EFBC}") = "FightCorona.DataCollector.Logger", "FightCorona.DataCollector.Logger\FightCorona.DataCollector.Logger.csproj", "{F593F826-6918-4AEC-A01B-3647D7FF2E2A}"
EndProject
Project("{FAE04EC0-301F-11D3-BF4B-00C04F79EFBC}") = "FightCorona.DataCollector.Business.Tests", "FightCorona.DataCollector.Business.Tests\FightCorona.DataCollector.Business.Tests.csproj", "{001F318F-41CF-4649-A924-7C14DD18A1E4}"
EndProject
Project("{2150E333-8FDC-42A3-9474-1A3956D46DE8}") = "Tests", "Tests", "{8736DDAB-7038-4D6D-9FFA-B89707BDFD6F}"
EndProject
Global
	GlobalSection(SolutionConfigurationPlatforms) = preSolution
		Debug|Any CPU = Debug|Any CPU
		Release|Any CPU = Release|Any CPU
	EndGlobalSection
	GlobalSection(ProjectConfigurationPlatforms) = postSolution
		{328A71B5-623F-4976-89B2-633B381EF15E}.Debug|Any CPU.ActiveCfg = Debug|Any CPU
		{328A71B5-623F-4976-89B2-633B381EF15E}.Debug|Any CPU.Build.0 = Debug|Any CPU
		{328A71B5-623F-4976-89B2-633B381EF15E}.Release|Any CPU.ActiveCfg = Release|Any CPU
		{328A71B5-623F-4976-89B2-633B381EF15E}.Release|Any CPU.Build.0 = Release|Any CPU
		{65E1B932-782E-4084-9FAC-AE3B6E08BC0A}.Debug|Any CPU.ActiveCfg = Debug|Any CPU
		{65E1B932-782E-4084-9FAC-AE3B6E08BC0A}.Debug|Any CPU.Build.0 = Debug|Any CPU
		{65E1B932-782E-4084-9FAC-AE3B6E08BC0A}.Release|Any CPU.ActiveCfg = Release|Any CPU
		{65E1B932-782E-4084-9FAC-AE3B6E08BC0A}.Release|Any CPU.Build.0 = Release|Any CPU
		{DC5BEB2E-4EFF-4860-AFBA-6EDA0EC7A8D6}.Debug|Any CPU.ActiveCfg = Debug|Any CPU
		{DC5BEB2E-4EFF-4860-AFBA-6EDA0EC7A8D6}.Debug|Any CPU.Build.0 = Debug|Any CPU
		{DC5BEB2E-4EFF-4860-AFBA-6EDA0EC7A8D6}.Release|Any CPU.ActiveCfg = Release|Any CPU
		{DC5BEB2E-4EFF-4860-AFBA-6EDA0EC7A8D6}.Release|Any CPU.Build.0 = Release|Any CPU
		{F593F826-6918-4AEC-A01B-3647D7FF2E2A}.Debug|Any CPU.ActiveCfg = Debug|Any CPU
		{F593F826-6918-4AEC-A01B-3647D7FF2E2A}.Debug|Any CPU.Build.0 = Debug|Any CPU
		{F593F826-6918-4AEC-A01B-3647D7FF2E2A}.Release|Any CPU.ActiveCfg = Release|Any CPU
		{F593F826-6918-4AEC-A01B-3647D7FF2E2A}.Release|Any CPU.Build.0 = Release|Any CPU
		{001F318F-41CF-4649-A924-7C14DD18A1E4}.Debug|Any CPU.ActiveCfg = Debug|Any CPU
		{001F318F-41CF-4649-A924-7C14DD18A1E4}.Debug|Any CPU.Build.0 = Debug|Any CPU
		{001F318F-41CF-4649-A924-7C14DD18A1E4}.Release|Any CPU.ActiveCfg = Release|Any CPU
		{001F318F-41CF-4649-A924-7C14DD18A1E4}.Release|Any CPU.Build.0 = Release|Any CPU
	EndGlobalSection
	GlobalSection(SolutionProperties) = preSolution
		HideSolutionNode = FALSE
	EndGlobalSection
	GlobalSection(NestedProjects) = preSolution
		{001F318F-41CF-4649-A924-7C14DD18A1E4} = {8736DDAB-7038-4D6D-9FFA-B89707BDFD6F}
	EndGlobalSection
	GlobalSection(ExtensibilityGlobals) = postSolution
		SolutionGuid = {199AA275-4C6D-464B-ADDC-E140BB1AE5FE}
	EndGlobalSection
EndGlobal
